
Microsoft Visual Studio Solution File, Format Version 12.00
# Visual Studio Version 16
VisualStudioVersion = 16.0.29509.3
MinimumVisualStudioVersion = 10.0.40219.1
Project("{FAE04EC0-301F-11D3-BF4B-00C04F79EFBC}") = "UserMaintenance", "UserMaintenance\UserMaintenance.csproj", "{A4081C8B-00B3-4402-9E97-462268F04F46}"
EndProject
Global
	GlobalSection(SolutionConfigurationPlatforms) = preSolution
		Debug|Any CPU = Debug|Any CPU
		Release|Any CPU = Release|Any CPU
	EndGlobalSection
	GlobalSection(ProjectConfigurationPlatforms) = postSolution
		{A4081C8B-00B3-4402-9E97-462268F04F46}.Debug|Any CPU.ActiveCfg = Debug|Any CPU
		{A4081C8B-00B3-4402-9E97-462268F04F46}.Debug|Any CPU.Build.0 = Debug|Any CPU
		{A4081C8B-00B3-4402-9E97-462268F04F46}.Release|Any CPU.ActiveCfg = Release|Any CPU
		{A4081C8B-00B3-4402-9E97-462268F04F46}.Release|Any CPU.Build.0 = Release|Any CPU
	EndGlobalSection
	GlobalSection(SolutionProperties) = preSolution
		HideSolutionNode = FALSE
	EndGlobalSection
	GlobalSection(ExtensibilityGlobals) = postSolution
		SolutionGuid = {89F79B5E-1919-4DB3-A17D-42DD5234E65E}
	EndGlobalSection
EndGlobal
