
Microsoft Visual Studio Solution File, Format Version 12.00
# Visual Studio Version 16
VisualStudioVersion = 16.0.29509.3
MinimumVisualStudioVersion = 10.0.40219.1
Project("{FAE04EC0-301F-11D3-BF4B-00C04F79EFBC}") = "nepesseg", "nepesseg\nepesseg.csproj", "{8087A9E2-F545-410B-9431-96248E15B386}"
EndProject
Global
	GlobalSection(SolutionConfigurationPlatforms) = preSolution
		Debug|Any CPU = Debug|Any CPU
		Release|Any CPU = Release|Any CPU
	EndGlobalSection
	GlobalSection(ProjectConfigurationPlatforms) = postSolution
		{8087A9E2-F545-410B-9431-96248E15B386}.Debug|Any CPU.ActiveCfg = Debug|Any CPU
		{8087A9E2-F545-410B-9431-96248E15B386}.Debug|Any CPU.Build.0 = Debug|Any CPU
		{8087A9E2-F545-410B-9431-96248E15B386}.Release|Any CPU.ActiveCfg = Release|Any CPU
		{8087A9E2-F545-410B-9431-96248E15B386}.Release|Any CPU.Build.0 = Release|Any CPU
	EndGlobalSection
	GlobalSection(SolutionProperties) = preSolution
		HideSolutionNode = FALSE
	EndGlobalSection
	GlobalSection(ExtensibilityGlobals) = postSolution
		SolutionGuid = {0DD12324-F58E-44AD-9CA1-8BC5F68637CB}
	EndGlobalSection
EndGlobal
