
Microsoft Visual Studio Solution File, Format Version 12.00
# Visual Studio Version 16
VisualStudioVersion = 16.0.29509.3
MinimumVisualStudioVersion = 10.0.40219.1
Project("{FAE04EC0-301F-11D3-BF4B-00C04F79EFBC}") = "web", "web\web.csproj", "{6ADAE660-F9CB-4490-8230-A80A7B2F9E03}"
EndProject
Global
	GlobalSection(SolutionConfigurationPlatforms) = preSolution
		Debug|Any CPU = Debug|Any CPU
		Release|Any CPU = Release|Any CPU
	EndGlobalSection
	GlobalSection(ProjectConfigurationPlatforms) = postSolution
		{6ADAE660-F9CB-4490-8230-A80A7B2F9E03}.Debug|Any CPU.ActiveCfg = Debug|Any CPU
		{6ADAE660-F9CB-4490-8230-A80A7B2F9E03}.Debug|Any CPU.Build.0 = Debug|Any CPU
		{6ADAE660-F9CB-4490-8230-A80A7B2F9E03}.Release|Any CPU.ActiveCfg = Release|Any CPU
		{6ADAE660-F9CB-4490-8230-A80A7B2F9E03}.Release|Any CPU.Build.0 = Release|Any CPU
	EndGlobalSection
	GlobalSection(SolutionProperties) = preSolution
		HideSolutionNode = FALSE
	EndGlobalSection
	GlobalSection(ExtensibilityGlobals) = postSolution
		SolutionGuid = {D70EBEF0-C596-4FEB-BA4F-F8695A9D2593}
	EndGlobalSection
EndGlobal
